
Microsoft Visual Studio Solution File, Format Version 12.00
# Visual Studio Version 17
VisualStudioVersion = 17.3.32929.385
MinimumVisualStudioVersion = 10.0.40219.1
Project("{FAE04EC0-301F-11D3-BF4B-00C04F79EFBC}") = "DrinkMachine", "DrinkMachine\DrinkMachine.csproj", "{60225869-74C7-4761-904B-0749382A53BC}"
EndProject
Global
	GlobalSection(SolutionConfigurationPlatforms) = preSolution
		Debug|Any CPU = Debug|Any CPU
		Release|Any CPU = Release|Any CPU
	EndGlobalSection
	GlobalSection(ProjectConfigurationPlatforms) = postSolution
		{60225869-74C7-4761-904B-0749382A53BC}.Debug|Any CPU.ActiveCfg = Debug|Any CPU
		{60225869-74C7-4761-904B-0749382A53BC}.Debug|Any CPU.Build.0 = Debug|Any CPU
		{60225869-74C7-4761-904B-0749382A53BC}.Release|Any CPU.ActiveCfg = Release|Any CPU
		{60225869-74C7-4761-904B-0749382A53BC}.Release|Any CPU.Build.0 = Release|Any CPU
	EndGlobalSection
	GlobalSection(SolutionProperties) = preSolution
		HideSolutionNode = FALSE
	EndGlobalSection
	GlobalSection(ExtensibilityGlobals) = postSolution
		SolutionGuid = {6F146713-3099-4E70-AF45-297B84D21132}
	EndGlobalSection
EndGlobal
